
Microsoft Visual Studio Solution File, Format Version 12.00
# Visual Studio Version 16
VisualStudioVersion = 16.0.30717.126
MinimumVisualStudioVersion = 10.0.40219.1
Project("{9A19103F-16F7-4668-BE54-9A1E7A4F7556}") = "ApiLibraryControl", "ApiLibraryControl\ApiLibraryControl.csproj", "{3185A062-84C7-4AE4-8DF3-70DFC3DF4E83}"
EndProject
Project("{9A19103F-16F7-4668-BE54-9A1E7A4F7556}") = "ApiLibraryControl.Library", "ApiLibraryControl.Library\ApiLibraryControl.Library.csproj", "{E0D0F4AD-7270-41B4-BA03-DD87B77A0194}"
EndProject
Project("{00D1A9C2-B5F0-4AF3-8072-F6C62B433612}") = "LibraryDb", "LibraryDb\LibraryDb.sqlproj", "{25669214-34BF-43D0-8CF5-42ACFE202E77}"
EndProject
Project("{9A19103F-16F7-4668-BE54-9A1E7A4F7556}") = "WpfInterface", "WpfInterface\WpfInterface.csproj", "{FF5B62EA-21A0-4BC5-B646-8588FA41B1C6}"
EndProject
Project("{9A19103F-16F7-4668-BE54-9A1E7A4F7556}") = "WpfInterface.Library", "WpfInterface.Library\WpfInterface.Library.csproj", "{016F9D45-DAC7-435F-84DC-C383B5546E1E}"
EndProject
Project("{FAE04EC0-301F-11D3-BF4B-00C04F79EFBC}") = "TestingForms", "TestingForms\TestingForms.csproj", "{CDECA664-932C-4066-BA64-29A21771CB28}"
EndProject
Global
	GlobalSection(SolutionConfigurationPlatforms) = preSolution
		Debug|Any CPU = Debug|Any CPU
		Release|Any CPU = Release|Any CPU
	EndGlobalSection
	GlobalSection(ProjectConfigurationPlatforms) = postSolution
		{3185A062-84C7-4AE4-8DF3-70DFC3DF4E83}.Debug|Any CPU.ActiveCfg = Debug|Any CPU
		{3185A062-84C7-4AE4-8DF3-70DFC3DF4E83}.Debug|Any CPU.Build.0 = Debug|Any CPU
		{3185A062-84C7-4AE4-8DF3-70DFC3DF4E83}.Release|Any CPU.ActiveCfg = Release|Any CPU
		{3185A062-84C7-4AE4-8DF3-70DFC3DF4E83}.Release|Any CPU.Build.0 = Release|Any CPU
		{E0D0F4AD-7270-41B4-BA03-DD87B77A0194}.Debug|Any CPU.ActiveCfg = Debug|Any CPU
		{E0D0F4AD-7270-41B4-BA03-DD87B77A0194}.Debug|Any CPU.Build.0 = Debug|Any CPU
		{E0D0F4AD-7270-41B4-BA03-DD87B77A0194}.Release|Any CPU.ActiveCfg = Release|Any CPU
		{E0D0F4AD-7270-41B4-BA03-DD87B77A0194}.Release|Any CPU.Build.0 = Release|Any CPU
		{25669214-34BF-43D0-8CF5-42ACFE202E77}.Debug|Any CPU.ActiveCfg = Debug|Any CPU
		{25669214-34BF-43D0-8CF5-42ACFE202E77}.Debug|Any CPU.Build.0 = Debug|Any CPU
		{25669214-34BF-43D0-8CF5-42ACFE202E77}.Debug|Any CPU.Deploy.0 = Debug|Any CPU
		{25669214-34BF-43D0-8CF5-42ACFE202E77}.Release|Any CPU.ActiveCfg = Release|Any CPU
		{25669214-34BF-43D0-8CF5-42ACFE202E77}.Release|Any CPU.Build.0 = Release|Any CPU
		{25669214-34BF-43D0-8CF5-42ACFE202E77}.Release|Any CPU.Deploy.0 = Release|Any CPU
		{FF5B62EA-21A0-4BC5-B646-8588FA41B1C6}.Debug|Any CPU.ActiveCfg = Debug|Any CPU
		{FF5B62EA-21A0-4BC5-B646-8588FA41B1C6}.Debug|Any CPU.Build.0 = Debug|Any CPU
		{FF5B62EA-21A0-4BC5-B646-8588FA41B1C6}.Release|Any CPU.ActiveCfg = Release|Any CPU
		{FF5B62EA-21A0-4BC5-B646-8588FA41B1C6}.Release|Any CPU.Build.0 = Release|Any CPU
		{016F9D45-DAC7-435F-84DC-C383B5546E1E}.Debug|Any CPU.ActiveCfg = Debug|Any CPU
		{016F9D45-DAC7-435F-84DC-C383B5546E1E}.Debug|Any CPU.Build.0 = Debug|Any CPU
		{016F9D45-DAC7-435F-84DC-C383B5546E1E}.Release|Any CPU.ActiveCfg = Release|Any CPU
		{016F9D45-DAC7-435F-84DC-C383B5546E1E}.Release|Any CPU.Build.0 = Release|Any CPU
		{CDECA664-932C-4066-BA64-29A21771CB28}.Debug|Any CPU.ActiveCfg = Debug|Any CPU
		{CDECA664-932C-4066-BA64-29A21771CB28}.Debug|Any CPU.Build.0 = Debug|Any CPU
		{CDECA664-932C-4066-BA64-29A21771CB28}.Release|Any CPU.ActiveCfg = Release|Any CPU
		{CDECA664-932C-4066-BA64-29A21771CB28}.Release|Any CPU.Build.0 = Release|Any CPU
	EndGlobalSection
	GlobalSection(SolutionProperties) = preSolution
		HideSolutionNode = FALSE
	EndGlobalSection
	GlobalSection(ExtensibilityGlobals) = postSolution
		SolutionGuid = {1DE6C3A0-B0F9-43F8-9188-E90FAE67A772}
	EndGlobalSection
EndGlobal
